
Microsoft Visual Studio Solution File, Format Version 12.00
# Visual Studio 15
Project("{FAE04EC0-301F-11D3-BF4B-00C04F79EFBC}") = "Assembly-CSharp", "Assembly-CSharp.csproj", "{08701356-3FB9-DB95-6E5B-864ACE3C849A}"
EndProject
Project("{FAE04EC0-301F-11D3-BF4B-00C04F79EFBC}") = "Assembly-CSharp-firstpass", "Assembly-CSharp-firstpass.csproj", "{C02BAE28-5AF8-33EB-120C-8A900830224D}"
EndProject
Project("{FAE04EC0-301F-11D3-BF4B-00C04F79EFBC}") = "FigmaToUnityImporter", "FigmaToUnityImporter.csproj", "{D1C16C3E-62FD-926F-AC1D-94110604CAB3}"
EndProject
Global
	GlobalSection(SolutionConfigurationPlatforms) = preSolution
		Debug|Any CPU = Debug|Any CPU
		Release|Any CPU = Release|Any CPU
	EndGlobalSection
	GlobalSection(ProjectConfigurationPlatforms) = postSolution
		{08701356-3FB9-DB95-6E5B-864ACE3C849A}.Debug|Any CPU.ActiveCfg = Debug|Any CPU
		{08701356-3FB9-DB95-6E5B-864ACE3C849A}.Debug|Any CPU.Build.0 = Debug|Any CPU
		{08701356-3FB9-DB95-6E5B-864ACE3C849A}.Release|Any CPU.ActiveCfg = Release|Any CPU
		{08701356-3FB9-DB95-6E5B-864ACE3C849A}.Release|Any CPU.Build.0 = Release|Any CPU
		{C02BAE28-5AF8-33EB-120C-8A900830224D}.Debug|Any CPU.ActiveCfg = Debug|Any CPU
		{C02BAE28-5AF8-33EB-120C-8A900830224D}.Debug|Any CPU.Build.0 = Debug|Any CPU
		{C02BAE28-5AF8-33EB-120C-8A900830224D}.Release|Any CPU.ActiveCfg = Release|Any CPU
		{C02BAE28-5AF8-33EB-120C-8A900830224D}.Release|Any CPU.Build.0 = Release|Any CPU
		{D1C16C3E-62FD-926F-AC1D-94110604CAB3}.Debug|Any CPU.ActiveCfg = Debug|Any CPU
		{D1C16C3E-62FD-926F-AC1D-94110604CAB3}.Debug|Any CPU.Build.0 = Debug|Any CPU
		{D1C16C3E-62FD-926F-AC1D-94110604CAB3}.Release|Any CPU.ActiveCfg = Release|Any CPU
		{D1C16C3E-62FD-926F-AC1D-94110604CAB3}.Release|Any CPU.Build.0 = Release|Any CPU
	EndGlobalSection
	GlobalSection(SolutionProperties) = preSolution
		HideSolutionNode = FALSE
	EndGlobalSection
EndGlobal
